// !$*UTF8*$!
{
	archiveVersion = 1;
	classes = {
	};
	objectVersion = 55;
	objects = {

/* Begin PBXBuildFile section */
		4C04F1F528D756EA0089AF7E /* ButtonLayoutValues.swift in Sources */ = {isa = PBXBuildFile; fileRef = 4C04F1F428D756EA0089AF7E /* ButtonLayoutValues.swift */; };
		4C0C6B7528EC350300717A04 /* ThemePicker.swift in Sources */ = {isa = PBXBuildFile; fileRef = 4C0C6B7428EC350300717A04 /* ThemePicker.swift */; };
		4C12451529081BCC00C76F9D /* LottieCopyAnim.json in Resources */ = {isa = PBXBuildFile; fileRef = 4C12451429081BCC00C76F9D /* LottieCopyAnim.json */; };
		4C193D4B28E339B6001E4D02 /* ExpandableBackgroundView.swift in Sources */ = {isa = PBXBuildFile; fileRef = 4C193D4A28E339B6001E4D02 /* ExpandableBackgroundView.swift */; };
		4C293D2628F8A1E600095964 /* TabViewTest.swift in Sources */ = {isa = PBXBuildFile; fileRef = 4C293D2528F8A1E600095964 /* TabViewTest.swift */; };
		4C4C91FB2906C0A1002F01CC /* Lottie in Frameworks */ = {isa = PBXBuildFile; productRef = 4C4C91FA2906C0A1002F01CC /* Lottie */; };
		4C4C91FD2906C235002F01CC /* LottieView.swift in Sources */ = {isa = PBXBuildFile; fileRef = 4C4C91FC2906C235002F01CC /* LottieView.swift */; };
		4C606E2528C0EC6E00EB46A7 /* ButtonStorage.swift in Sources */ = {isa = PBXBuildFile; fileRef = 4C606E2428C0EC6E00EB46A7 /* ButtonStorage.swift */; };
		4C634E2028CB3BB300396F03 /* MathManager.swift in Sources */ = {isa = PBXBuildFile; fileRef = 4C634E1F28CB3BB300396F03 /* MathManager.swift */; };
		4C6E105928BF947F00BDDFEB /* CalculatorApp.swift in Sources */ = {isa = PBXBuildFile; fileRef = 4C6E105828BF947F00BDDFEB /* CalculatorApp.swift */; };
		4C6E105D28BF948100BDDFEB /* Assets.xcassets in Resources */ = {isa = PBXBuildFile; fileRef = 4C6E105C28BF948100BDDFEB /* Assets.xcassets */; };
		4C6E106028BF948100BDDFEB /* Preview Assets.xcassets in Resources */ = {isa = PBXBuildFile; fileRef = 4C6E105F28BF948100BDDFEB /* Preview Assets.xcassets */; };
		4C6FF99828C639F300C13B29 /* CalculatorView.swift in Sources */ = {isa = PBXBuildFile; fileRef = 4C6FF99728C639F300C13B29 /* CalculatorView.swift */; };
		4C74EF4A291265E900A840F7 /* CalculatorButtonLabel.swift in Sources */ = {isa = PBXBuildFile; fileRef = 4C74EF49291265E900A840F7 /* CalculatorButtonLabel.swift */; };
		4C74EF4D2912665200A840F7 /* CalculatorButtonView.swift in Sources */ = {isa = PBXBuildFile; fileRef = 4C74EF4C2912665200A840F7 /* CalculatorButtonView.swift */; };
		4C74EF4F291267A600A840F7 /* TopBarButtons.swift in Sources */ = {isa = PBXBuildFile; fileRef = 4C74EF4E291267A600A840F7 /* TopBarButtons.swift */; };
		4C74EF5129126F5500A840F7 /* ExtraButtonsGrid.swift in Sources */ = {isa = PBXBuildFile; fileRef = 4C74EF5029126F5500A840F7 /* ExtraButtonsGrid.swift */; };
		4C75A0B529142A3900B69C7A /* ExtraButtonsPageView.swift in Sources */ = {isa = PBXBuildFile; fileRef = 4C75A0B429142A3900B69C7A /* ExtraButtonsPageView.swift */; };
		4C86599228C6045D0013B349 /* ThemeData.swift in Sources */ = {isa = PBXBuildFile; fileRef = 4C86599128C6045D0013B349 /* ThemeData.swift */; };
		4C86599628C60FD10013B349 /* Extensions And Custom Structs.swift in Sources */ = {isa = PBXBuildFile; fileRef = 4C86599528C60FD10013B349 /* Extensions And Custom Structs.swift */; };
		4C96D86F28E364180006B898 /* StandardButtonsGrid.swift in Sources */ = {isa = PBXBuildFile; fileRef = 4C96D86E28E364180006B898 /* StandardButtonsGrid.swift */; };
		4CC0C9FF29141AD700F42571 /* SingleExtraButtonsRowView.swift in Sources */ = {isa = PBXBuildFile; fileRef = 4CC0C9FE29141AD700F42571 /* SingleExtraButtonsRowView.swift */; };
		4CC0CA002914215600F42571 /* TestPageView.swift in Sources */ = {isa = PBXBuildFile; fileRef = 4C2AD9D52912A31C002B49C5 /* TestPageView.swift */; };
		4CC901782906AB87005570CB /* OrientationTest.swift in Sources */ = {isa = PBXBuildFile; fileRef = 4CC901772906AB87005570CB /* OrientationTest.swift */; };
		4CC9017A2906B09E005570CB /* EmptyHistorySheetView.swift in Sources */ = {isa = PBXBuildFile; fileRef = 4CC901792906B09E005570CB /* EmptyHistorySheetView.swift */; };
		4CC9017C2906B475005570CB /* LottieNotFoundAnim.json in Resources */ = {isa = PBXBuildFile; fileRef = 4CC9017B2906B475005570CB /* LottieNotFoundAnim.json */; };
		4CCF8439291BD65200E7D6EE /* TextCopiedBanner.swift in Sources */ = {isa = PBXBuildFile; fileRef = 4CE235F429000ED700C71567 /* TextCopiedBanner.swift */; };
		4CD08D9C28EE2C01002A2FC7 /* HistorySheetView.swift in Sources */ = {isa = PBXBuildFile; fileRef = 4CD08D9B28EE2C01002A2FC7 /* HistorySheetView.swift */; };
		4CDA92282916AF0800030E88 /* TestPickerOverflow.swift in Sources */ = {isa = PBXBuildFile; fileRef = 4CDA92272916AF0800030E88 /* TestPickerOverflow.swift */; };
		4CE235EF28FFF42800C71567 /* SoundManager.swift in Sources */ = {isa = PBXBuildFile; fileRef = 4CE235EE28FFF42800C71567 /* SoundManager.swift */; };
		4CE235F128FFF7CF00C71567 /* HapticsManager.swift in Sources */ = {isa = PBXBuildFile; fileRef = 4CE235F028FFF7CF00C71567 /* HapticsManager.swift */; };
		4CE235F328FFF97500C71567 /* AdaptiveButtonStyle.swift in Sources */ = {isa = PBXBuildFile; fileRef = 4CE235F228FFF97500C71567 /* AdaptiveButtonStyle.swift */; };
/* End PBXBuildFile section */

/* Begin PBXContainerItemProxy section */
		4CD08DA728EE307F002A2FC7 /* PBXContainerItemProxy */ = {
			isa = PBXContainerItemProxy;
			containerPortal = 4C6E104D28BF947F00BDDFEB /* Project object */;
			proxyType = 1;
			remoteGlobalIDString = 4C6E105428BF947F00BDDFEB;
			remoteInfo = Calculator;
		};
/* End PBXContainerItemProxy section */

/* Begin PBXFileReference section */
		4C01480C28C0CBCB007C6A66 /* Info.plist */ = {isa = PBXFileReference; lastKnownFileType = text.plist; path = Info.plist; sourceTree = "<group>"; };
		4C04F1F428D756EA0089AF7E /* ButtonLayoutValues.swift */ = {isa = PBXFileReference; lastKnownFileType = sourcecode.swift; path = ButtonLayoutValues.swift; sourceTree = "<group>"; };
		4C0C6B7428EC350300717A04 /* ThemePicker.swift */ = {isa = PBXFileReference; lastKnownFileType = sourcecode.swift; path = ThemePicker.swift; sourceTree = "<group>"; };
		4C12451429081BCC00C76F9D /* LottieCopyAnim.json */ = {isa = PBXFileReference; fileEncoding = 4; lastKnownFileType = text.json; path = LottieCopyAnim.json; sourceTree = "<group>"; };
		4C193D4A28E339B6001E4D02 /* ExpandableBackgroundView.swift */ = {isa = PBXFileReference; lastKnownFileType = sourcecode.swift; path = ExpandableBackgroundView.swift; sourceTree = "<group>"; };
		4C1E31FB28CB4FB700A7B260 /* NOTES.md */ = {isa = PBXFileReference; lastKnownFileType = net.daringfireball.markdown; path = NOTES.md; sourceTree = "<group>"; };
		4C293D2528F8A1E600095964 /* TabViewTest.swift */ = {isa = PBXFileReference; lastKnownFileType = sourcecode.swift; path = TabViewTest.swift; sourceTree = "<group>"; };
		4C2AD9D52912A31C002B49C5 /* TestPageView.swift */ = {isa = PBXFileReference; lastKnownFileType = sourcecode.swift; path = TestPageView.swift; sourceTree = "<group>"; };
		4C4C91FC2906C235002F01CC /* LottieView.swift */ = {isa = PBXFileReference; lastKnownFileType = sourcecode.swift; name = LottieView.swift; path = Calculator/Extra/LottieView.swift; sourceTree = SOURCE_ROOT; };
		4C606E2428C0EC6E00EB46A7 /* ButtonStorage.swift */ = {isa = PBXFileReference; lastKnownFileType = sourcecode.swift; path = ButtonStorage.swift; sourceTree = "<group>"; };
		4C634E1F28CB3BB300396F03 /* MathManager.swift */ = {isa = PBXFileReference; lastKnownFileType = sourcecode.swift; path = MathManager.swift; sourceTree = "<group>"; };
		4C6E105528BF947F00BDDFEB /* MagicCalculatorMM.app */ = {isa = PBXFileReference; explicitFileType = wrapper.application; includeInIndex = 0; path = MagicCalculatorMM.app; sourceTree = BUILT_PRODUCTS_DIR; };
		4C6E105828BF947F00BDDFEB /* CalculatorApp.swift */ = {isa = PBXFileReference; lastKnownFileType = sourcecode.swift; path = CalculatorApp.swift; sourceTree = "<group>"; };
		4C6E105C28BF948100BDDFEB /* Assets.xcassets */ = {isa = PBXFileReference; lastKnownFileType = folder.assetcatalog; path = Assets.xcassets; sourceTree = "<group>"; };
		4C6E105F28BF948100BDDFEB /* Preview Assets.xcassets */ = {isa = PBXFileReference; lastKnownFileType = folder.assetcatalog; path = "Preview Assets.xcassets"; sourceTree = "<group>"; };
		4C6FF99728C639F300C13B29 /* CalculatorView.swift */ = {isa = PBXFileReference; lastKnownFileType = sourcecode.swift; path = CalculatorView.swift; sourceTree = "<group>"; };
		4C74EF49291265E900A840F7 /* CalculatorButtonLabel.swift */ = {isa = PBXFileReference; lastKnownFileType = sourcecode.swift; path = CalculatorButtonLabel.swift; sourceTree = "<group>"; };
		4C74EF4C2912665200A840F7 /* CalculatorButtonView.swift */ = {isa = PBXFileReference; lastKnownFileType = sourcecode.swift; path = CalculatorButtonView.swift; sourceTree = "<group>"; };
		4C74EF4E291267A600A840F7 /* TopBarButtons.swift */ = {isa = PBXFileReference; lastKnownFileType = sourcecode.swift; path = TopBarButtons.swift; sourceTree = "<group>"; };
		4C74EF5029126F5500A840F7 /* ExtraButtonsGrid.swift */ = {isa = PBXFileReference; lastKnownFileType = sourcecode.swift; path = ExtraButtonsGrid.swift; sourceTree = "<group>"; };
		4C75A0B429142A3900B69C7A /* ExtraButtonsPageView.swift */ = {isa = PBXFileReference; lastKnownFileType = sourcecode.swift; path = ExtraButtonsPageView.swift; sourceTree = "<group>"; };
		4C86599128C6045D0013B349 /* ThemeData.swift */ = {isa = PBXFileReference; lastKnownFileType = sourcecode.swift; path = ThemeData.swift; sourceTree = "<group>"; };
		4C86599528C60FD10013B349 /* Extensions And Custom Structs.swift */ = {isa = PBXFileReference; lastKnownFileType = sourcecode.swift; path = "Extensions And Custom Structs.swift"; sourceTree = "<group>"; };
		4C96D86E28E364180006B898 /* StandardButtonsGrid.swift */ = {isa = PBXFileReference; lastKnownFileType = sourcecode.swift; path = StandardButtonsGrid.swift; sourceTree = "<group>"; };
		4CC0C9FE29141AD700F42571 /* SingleExtraButtonsRowView.swift */ = {isa = PBXFileReference; lastKnownFileType = sourcecode.swift; name = SingleExtraButtonsRowView.swift; path = Calculator/Views/SingleExtraButtonsRowView.swift; sourceTree = SOURCE_ROOT; };
		4CC901772906AB87005570CB /* OrientationTest.swift */ = {isa = PBXFileReference; lastKnownFileType = sourcecode.swift; path = OrientationTest.swift; sourceTree = "<group>"; };
		4CC901792906B09E005570CB /* EmptyHistorySheetView.swift */ = {isa = PBXFileReference; lastKnownFileType = sourcecode.swift; path = EmptyHistorySheetView.swift; sourceTree = "<group>"; };
		4CC9017B2906B475005570CB /* LottieNotFoundAnim.json */ = {isa = PBXFileReference; fileEncoding = 4; lastKnownFileType = text.json; path = LottieNotFoundAnim.json; sourceTree = "<group>"; };
		4CD08D9B28EE2C01002A2FC7 /* HistorySheetView.swift */ = {isa = PBXFileReference; lastKnownFileType = sourcecode.swift; path = HistorySheetView.swift; sourceTree = "<group>"; };
		4CD08DA128EE307F002A2FC7 /* MagicCalculatorMM_UITests.xctest */ = {isa = PBXFileReference; explicitFileType = wrapper.cfbundle; includeInIndex = 0; path = MagicCalculatorMM_UITests.xctest; sourceTree = BUILT_PRODUCTS_DIR; };
		4CDA92272916AF0800030E88 /* TestPickerOverflow.swift */ = {isa = PBXFileReference; lastKnownFileType = sourcecode.swift; path = TestPickerOverflow.swift; sourceTree = "<group>"; };
		4CE235EE28FFF42800C71567 /* SoundManager.swift */ = {isa = PBXFileReference; lastKnownFileType = sourcecode.swift; path = SoundManager.swift; sourceTree = "<group>"; };
		4CE235F028FFF7CF00C71567 /* HapticsManager.swift */ = {isa = PBXFileReference; lastKnownFileType = sourcecode.swift; path = HapticsManager.swift; sourceTree = "<group>"; };
		4CE235F228FFF97500C71567 /* AdaptiveButtonStyle.swift */ = {isa = PBXFileReference; lastKnownFileType = sourcecode.swift; path = AdaptiveButtonStyle.swift; sourceTree = "<group>"; };
		4CE235F429000ED700C71567 /* TextCopiedBanner.swift */ = {isa = PBXFileReference; lastKnownFileType = sourcecode.swift; path = TextCopiedBanner.swift; sourceTree = "<group>"; };
/* End PBXFileReference section */

/* Begin PBXFrameworksBuildPhase section */
		4C6E105228BF947F00BDDFEB /* Frameworks */ = {
			isa = PBXFrameworksBuildPhase;
			buildActionMask = 2147483647;
			files = (
				4C4C91FB2906C0A1002F01CC /* Lottie in Frameworks */,
			);
			runOnlyForDeploymentPostprocessing = 0;
		};
		4CD08D9E28EE307F002A2FC7 /* Frameworks */ = {
			isa = PBXFrameworksBuildPhase;
			buildActionMask = 2147483647;
			files = (
			);
			runOnlyForDeploymentPostprocessing = 0;
		};
/* End PBXFrameworksBuildPhase section */

/* Begin PBXGroup section */
		4C12451329080CBF00C76F9D /* Test Views */ = {
			isa = PBXGroup;
			children = (
				4CC901772906AB87005570CB /* OrientationTest.swift */,
				4C2AD9D52912A31C002B49C5 /* TestPageView.swift */,
				4C293D2528F8A1E600095964 /* TabViewTest.swift */,
				4C193D4A28E339B6001E4D02 /* ExpandableBackgroundView.swift */,
				4CDA92272916AF0800030E88 /* TestPickerOverflow.swift */,
			);
			path = "Test Views";
			sourceTree = "<group>";
		};
		4C6E104C28BF947F00BDDFEB = {
			isa = PBXGroup;
			children = (
				4C6E105728BF947F00BDDFEB /* Calculator */,
				4C6E105628BF947F00BDDFEB /* Products */,
			);
			sourceTree = "<group>";
		};
		4C6E105628BF947F00BDDFEB /* Products */ = {
			isa = PBXGroup;
			children = (
				4C6E105528BF947F00BDDFEB /* MagicCalculatorMM.app */,
				4CD08DA128EE307F002A2FC7 /* MagicCalculatorMM_UITests.xctest */,
			);
			name = Products;
			sourceTree = "<group>";
		};
		4C6E105728BF947F00BDDFEB /* Calculator */ = {
			isa = PBXGroup;
			children = (
				4C1E31FB28CB4FB700A7B260 /* NOTES.md */,
				4C6E105C28BF948100BDDFEB /* Assets.xcassets */,
				4C6E105828BF947F00BDDFEB /* CalculatorApp.swift */,
				4C86599928C610690013B349 /* Views */,
				4C74EF4B291265F000A840F7 /* UI Components */,
				4C86599828C610510013B349 /* Data */,
				4C86599728C6102C0013B349 /* Extra */,
				4C12451329080CBF00C76F9D /* Test Views */,
				4CC9017D2906B47D005570CB /* Lottie Animations */,
				4C6E105E28BF948100BDDFEB /* Preview Content */,
				4C01480C28C0CBCB007C6A66 /* Info.plist */,
			);
			path = Calculator;
			sourceTree = "<group>";
		};
		4C6E105E28BF948100BDDFEB /* Preview Content */ = {
			isa = PBXGroup;
			children = (
				4C6E105F28BF948100BDDFEB /* Preview Assets.xcassets */,
			);
			path = "Preview Content";
			sourceTree = "<group>";
		};
		4C74EF4B291265F000A840F7 /* UI Components */ = {
			isa = PBXGroup;
			children = (
				4C74EF49291265E900A840F7 /* CalculatorButtonLabel.swift */,
				4C74EF4C2912665200A840F7 /* CalculatorButtonView.swift */,
			);
			path = "UI Components";
			sourceTree = "<group>";
		};
		4C86599728C6102C0013B349 /* Extra */ = {
			isa = PBXGroup;
			children = (
				4C04F1F428D756EA0089AF7E /* ButtonLayoutValues.swift */,
				4C86599528C60FD10013B349 /* Extensions And Custom Structs.swift */,
				4CE235F228FFF97500C71567 /* AdaptiveButtonStyle.swift */,
				4C4C91FC2906C235002F01CC /* LottieView.swift */,
			);
			path = Extra;
			sourceTree = "<group>";
		};
		4C86599828C610510013B349 /* Data */ = {
			isa = PBXGroup;
			children = (
				4C86599128C6045D0013B349 /* ThemeData.swift */,
				4C606E2428C0EC6E00EB46A7 /* ButtonStorage.swift */,
				4C634E1F28CB3BB300396F03 /* MathManager.swift */,
				4CE235EE28FFF42800C71567 /* SoundManager.swift */,
				4CE235F028FFF7CF00C71567 /* HapticsManager.swift */,
			);
			path = Data;
			sourceTree = "<group>";
		};
		4C86599928C610690013B349 /* Views */ = {
			isa = PBXGroup;
			children = (
				4C6FF99728C639F300C13B29 /* CalculatorView.swift */,
				4CD08D9B28EE2C01002A2FC7 /* HistorySheetView.swift */,
				4CC901792906B09E005570CB /* EmptyHistorySheetView.swift */,
				4C0C6B7428EC350300717A04 /* ThemePicker.swift */,
				4CE235F429000ED700C71567 /* TextCopiedBanner.swift */,
				4C74EF4E291267A600A840F7 /* TopBarButtons.swift */,
				4C96D86E28E364180006B898 /* StandardButtonsGrid.swift */,
				4C74EF5029126F5500A840F7 /* ExtraButtonsGrid.swift */,
				4CC0C9FE29141AD700F42571 /* SingleExtraButtonsRowView.swift */,
				4C75A0B429142A3900B69C7A /* ExtraButtonsPageView.swift */,
			);
			path = Views;
			sourceTree = "<group>";
		};
		4CC9017D2906B47D005570CB /* Lottie Animations */ = {
			isa = PBXGroup;
			children = (
				4CC9017B2906B475005570CB /* LottieNotFoundAnim.json */,
				4C12451429081BCC00C76F9D /* LottieCopyAnim.json */,
			);
			path = "Lottie Animations";
			sourceTree = "<group>";
		};
/* End PBXGroup section */

/* Begin PBXNativeTarget section */
		4C6E105428BF947F00BDDFEB /* MagicCalculatorMM */ = {
			isa = PBXNativeTarget;
			buildConfigurationList = 4C6E106328BF948100BDDFEB /* Build configuration list for PBXNativeTarget "MagicCalculatorMM" */;
			buildPhases = (
				4C6E105128BF947F00BDDFEB /* Sources */,
				4C6E105228BF947F00BDDFEB /* Frameworks */,
				4C6E105328BF947F00BDDFEB /* Resources */,
			);
			buildRules = (
			);
			dependencies = (
			);
			name = MagicCalculatorMM;
			packageProductDependencies = (
				4C4C91FA2906C0A1002F01CC /* Lottie */,
			);
			productName = CuteCalc;
			productReference = 4C6E105528BF947F00BDDFEB /* MagicCalculatorMM.app */;
			productType = "com.apple.product-type.application";
		};
		4CD08DA028EE307F002A2FC7 /* MagicCalculatorMM_UITests */ = {
			isa = PBXNativeTarget;
			buildConfigurationList = 4CD08DA928EE307F002A2FC7 /* Build configuration list for PBXNativeTarget "MagicCalculatorMM_UITests" */;
			buildPhases = (
				4CD08D9D28EE307F002A2FC7 /* Sources */,
				4CD08D9E28EE307F002A2FC7 /* Frameworks */,
				4CD08D9F28EE307F002A2FC7 /* Resources */,
			);
			buildRules = (
			);
			dependencies = (
				4CD08DA828EE307F002A2FC7 /* PBXTargetDependency */,
			);
			name = MagicCalculatorMM_UITests;
			productName = Calculator_UITests;
			productReference = 4CD08DA128EE307F002A2FC7 /* MagicCalculatorMM_UITests.xctest */;
			productType = "com.apple.product-type.bundle.ui-testing";
		};
/* End PBXNativeTarget section */

/* Begin PBXProject section */
		4C6E104D28BF947F00BDDFEB /* Project object */ = {
			isa = PBXProject;
			attributes = {
				BuildIndependentTargetsInParallel = 1;
				LastSwiftUpdateCheck = 1400;
				LastUpgradeCheck = 1340;
				TargetAttributes = {
					4C6E105428BF947F00BDDFEB = {
						CreatedOnToolsVersion = 13.4.1;
					};
					4CD08DA028EE307F002A2FC7 = {
						CreatedOnToolsVersion = 14.0.1;
						TestTargetID = 4C6E105428BF947F00BDDFEB;
					};
				};
			};
			buildConfigurationList = 4C6E105028BF947F00BDDFEB /* Build configuration list for PBXProject "MagicCalculatorMM" */;
			compatibilityVersion = "Xcode 13.0";
			developmentRegion = en;
			hasScannedForEncodings = 0;
			knownRegions = (
				en,
				Base,
			);
			mainGroup = 4C6E104C28BF947F00BDDFEB;
			packageReferences = (
				4C4C91F92906C0A1002F01CC /* XCRemoteSwiftPackageReference "lottie-ios" */,
			);
			productRefGroup = 4C6E105628BF947F00BDDFEB /* Products */;
			projectDirPath = "";
			projectRoot = "";
			targets = (
				4C6E105428BF947F00BDDFEB /* MagicCalculatorMM */,
				4CD08DA028EE307F002A2FC7 /* MagicCalculatorMM_UITests */,
			);
		};
/* End PBXProject section */

/* Begin PBXResourcesBuildPhase section */
		4C6E105328BF947F00BDDFEB /* Resources */ = {
			isa = PBXResourcesBuildPhase;
			buildActionMask = 2147483647;
			files = (
				4C6E106028BF948100BDDFEB /* Preview Assets.xcassets in Resources */,
				4C6E105D28BF948100BDDFEB /* Assets.xcassets in Resources */,
				4C12451529081BCC00C76F9D /* LottieCopyAnim.json in Resources */,
				4CC9017C2906B475005570CB /* LottieNotFoundAnim.json in Resources */,
			);
			runOnlyForDeploymentPostprocessing = 0;
		};
		4CD08D9F28EE307F002A2FC7 /* Resources */ = {
			isa = PBXResourcesBuildPhase;
			buildActionMask = 2147483647;
			files = (
			);
			runOnlyForDeploymentPostprocessing = 0;
		};
/* End PBXResourcesBuildPhase section */

/* Begin PBXSourcesBuildPhase section */
		4C6E105128BF947F00BDDFEB /* Sources */ = {
			isa = PBXSourcesBuildPhase;
			buildActionMask = 2147483647;
			files = (
				4C74EF5129126F5500A840F7 /* ExtraButtonsGrid.swift in Sources */,
				4CC901782906AB87005570CB /* OrientationTest.swift in Sources */,
				4C86599228C6045D0013B349 /* ThemeData.swift in Sources */,
				4C606E2528C0EC6E00EB46A7 /* ButtonStorage.swift in Sources */,
				4C193D4B28E339B6001E4D02 /* ExpandableBackgroundView.swift in Sources */,
				4C75A0B529142A3900B69C7A /* ExtraButtonsPageView.swift in Sources */,
				4CE235F128FFF7CF00C71567 /* HapticsManager.swift in Sources */,
				4C04F1F528D756EA0089AF7E /* ButtonLayoutValues.swift in Sources */,
				4CC0CA002914215600F42571 /* TestPageView.swift in Sources */,
				4C74EF4D2912665200A840F7 /* CalculatorButtonView.swift in Sources */,
				4C74EF4A291265E900A840F7 /* CalculatorButtonLabel.swift in Sources */,
				4C4C91FD2906C235002F01CC /* LottieView.swift in Sources */,
				4C634E2028CB3BB300396F03 /* MathManager.swift in Sources */,
				4CCF8439291BD65200E7D6EE /* TextCopiedBanner.swift in Sources */,
				4CE235EF28FFF42800C71567 /* SoundManager.swift in Sources */,
				4CC0C9FF29141AD700F42571 /* SingleExtraButtonsRowView.swift in Sources */,
				4C96D86F28E364180006B898 /* StandardButtonsGrid.swift in Sources */,
				4C74EF4F291267A600A840F7 /* TopBarButtons.swift in Sources */,
				4C293D2628F8A1E600095964 /* TabViewTest.swift in Sources */,
				4C86599628C60FD10013B349 /* Extensions And Custom Structs.swift in Sources */,
				4C6E105928BF947F00BDDFEB /* CalculatorApp.swift in Sources */,
				4C0C6B7528EC350300717A04 /* ThemePicker.swift in Sources */,
				4CDA92282916AF0800030E88 /* TestPickerOverflow.swift in Sources */,
				4CD08D9C28EE2C01002A2FC7 /* HistorySheetView.swift in Sources */,
				4CC9017A2906B09E005570CB /* EmptyHistorySheetView.swift in Sources */,
				4C6FF99828C639F300C13B29 /* CalculatorView.swift in Sources */,
				4CE235F328FFF97500C71567 /* AdaptiveButtonStyle.swift in Sources */,
			);
			runOnlyForDeploymentPostprocessing = 0;
		};
		4CD08D9D28EE307F002A2FC7 /* Sources */ = {
			isa = PBXSourcesBuildPhase;
			buildActionMask = 2147483647;
			files = (
			);
			runOnlyForDeploymentPostprocessing = 0;
		};
/* End PBXSourcesBuildPhase section */

/* Begin PBXTargetDependency section */
		4CD08DA828EE307F002A2FC7 /* PBXTargetDependency */ = {
			isa = PBXTargetDependency;
			target = 4C6E105428BF947F00BDDFEB /* MagicCalculatorMM */;
			targetProxy = 4CD08DA728EE307F002A2FC7 /* PBXContainerItemProxy */;
		};
/* End PBXTargetDependency section */

/* Begin XCBuildConfiguration section */
		4C6E106128BF948100BDDFEB /* Debug */ = {
			isa = XCBuildConfiguration;
			buildSettings = {
				ALWAYS_SEARCH_USER_PATHS = NO;
				CLANG_ANALYZER_NONNULL = YES;
				CLANG_ANALYZER_NUMBER_OBJECT_CONVERSION = YES_AGGRESSIVE;
				CLANG_CXX_LANGUAGE_STANDARD = "gnu++17";
				CLANG_ENABLE_MODULES = YES;
				CLANG_ENABLE_OBJC_ARC = YES;
				CLANG_ENABLE_OBJC_WEAK = YES;
				CLANG_WARN_BLOCK_CAPTURE_AUTORELEASING = YES;
				CLANG_WARN_BOOL_CONVERSION = YES;
				CLANG_WARN_COMMA = YES;
				CLANG_WARN_CONSTANT_CONVERSION = YES;
				CLANG_WARN_DEPRECATED_OBJC_IMPLEMENTATIONS = YES;
				CLANG_WARN_DIRECT_OBJC_ISA_USAGE = YES_ERROR;
				CLANG_WARN_DOCUMENTATION_COMMENTS = YES;
				CLANG_WARN_EMPTY_BODY = YES;
				CLANG_WARN_ENUM_CONVERSION = YES;
				CLANG_WARN_INFINITE_RECURSION = YES;
				CLANG_WARN_INT_CONVERSION = YES;
				CLANG_WARN_NON_LITERAL_NULL_CONVERSION = YES;
				CLANG_WARN_OBJC_IMPLICIT_RETAIN_SELF = YES;
				CLANG_WARN_OBJC_LITERAL_CONVERSION = YES;
				CLANG_WARN_OBJC_ROOT_CLASS = YES_ERROR;
				CLANG_WARN_QUOTED_INCLUDE_IN_FRAMEWORK_HEADER = YES;
				CLANG_WARN_RANGE_LOOP_ANALYSIS = YES;
				CLANG_WARN_STRICT_PROTOTYPES = YES;
				CLANG_WARN_SUSPICIOUS_MOVE = YES;
				CLANG_WARN_UNGUARDED_AVAILABILITY = YES_AGGRESSIVE;
				CLANG_WARN_UNREACHABLE_CODE = YES;
				CLANG_WARN__DUPLICATE_METHOD_MATCH = YES;
				COPY_PHASE_STRIP = NO;
				DEBUG_INFORMATION_FORMAT = dwarf;
				ENABLE_STRICT_OBJC_MSGSEND = YES;
				ENABLE_TESTABILITY = YES;
				GCC_C_LANGUAGE_STANDARD = gnu11;
				GCC_DYNAMIC_NO_PIC = NO;
				GCC_NO_COMMON_BLOCKS = YES;
				GCC_OPTIMIZATION_LEVEL = 0;
				GCC_PREPROCESSOR_DEFINITIONS = (
					"DEBUG=1",
					"$(inherited)",
				);
				GCC_WARN_64_TO_32_BIT_CONVERSION = YES;
				GCC_WARN_ABOUT_RETURN_TYPE = YES_ERROR;
				GCC_WARN_UNDECLARED_SELECTOR = YES;
				GCC_WARN_UNINITIALIZED_AUTOS = YES_AGGRESSIVE;
				GCC_WARN_UNUSED_FUNCTION = YES;
				GCC_WARN_UNUSED_VARIABLE = YES;
				IPHONEOS_DEPLOYMENT_TARGET = 16.0;
				MTL_ENABLE_DEBUG_INFO = INCLUDE_SOURCE;
				MTL_FAST_MATH = YES;
				ONLY_ACTIVE_ARCH = YES;
				SDKROOT = iphoneos;
				SWIFT_ACTIVE_COMPILATION_CONDITIONS = DEBUG;
				SWIFT_OPTIMIZATION_LEVEL = "-Onone";
			};
			name = Debug;
		};
		4C6E106228BF948100BDDFEB /* Release */ = {
			isa = XCBuildConfiguration;
			buildSettings = {
				ALWAYS_SEARCH_USER_PATHS = NO;
				CLANG_ANALYZER_NONNULL = YES;
				CLANG_ANALYZER_NUMBER_OBJECT_CONVERSION = YES_AGGRESSIVE;
				CLANG_CXX_LANGUAGE_STANDARD = "gnu++17";
				CLANG_ENABLE_MODULES = YES;
				CLANG_ENABLE_OBJC_ARC = YES;
				CLANG_ENABLE_OBJC_WEAK = YES;
				CLANG_WARN_BLOCK_CAPTURE_AUTORELEASING = YES;
				CLANG_WARN_BOOL_CONVERSION = YES;
				CLANG_WARN_COMMA = YES;
				CLANG_WARN_CONSTANT_CONVERSION = YES;
				CLANG_WARN_DEPRECATED_OBJC_IMPLEMENTATIONS = YES;
				CLANG_WARN_DIRECT_OBJC_ISA_USAGE = YES_ERROR;
				CLANG_WARN_DOCUMENTATION_COMMENTS = YES;
				CLANG_WARN_EMPTY_BODY = YES;
				CLANG_WARN_ENUM_CONVERSION = YES;
				CLANG_WARN_INFINITE_RECURSION = YES;
				CLANG_WARN_INT_CONVERSION = YES;
				CLANG_WARN_NON_LITERAL_NULL_CONVERSION = YES;
				CLANG_WARN_OBJC_IMPLICIT_RETAIN_SELF = YES;
				CLANG_WARN_OBJC_LITERAL_CONVERSION = YES;
				CLANG_WARN_OBJC_ROOT_CLASS = YES_ERROR;
				CLANG_WARN_QUOTED_INCLUDE_IN_FRAMEWORK_HEADER = YES;
				CLANG_WARN_RANGE_LOOP_ANALYSIS = YES;
				CLANG_WARN_STRICT_PROTOTYPES = YES;
				CLANG_WARN_SUSPICIOUS_MOVE = YES;
				CLANG_WARN_UNGUARDED_AVAILABILITY = YES_AGGRESSIVE;
				CLANG_WARN_UNREACHABLE_CODE = YES;
				CLANG_WARN__DUPLICATE_METHOD_MATCH = YES;
				COPY_PHASE_STRIP = NO;
				DEBUG_INFORMATION_FORMAT = "dwarf-with-dsym";
				ENABLE_NS_ASSERTIONS = NO;
				ENABLE_STRICT_OBJC_MSGSEND = YES;
				GCC_C_LANGUAGE_STANDARD = gnu11;
				GCC_NO_COMMON_BLOCKS = YES;
				GCC_WARN_64_TO_32_BIT_CONVERSION = YES;
				GCC_WARN_ABOUT_RETURN_TYPE = YES_ERROR;
				GCC_WARN_UNDECLARED_SELECTOR = YES;
				GCC_WARN_UNINITIALIZED_AUTOS = YES_AGGRESSIVE;
				GCC_WARN_UNUSED_FUNCTION = YES;
				GCC_WARN_UNUSED_VARIABLE = YES;
				IPHONEOS_DEPLOYMENT_TARGET = 16.0;
				MTL_ENABLE_DEBUG_INFO = NO;
				MTL_FAST_MATH = YES;
				SDKROOT = iphoneos;
				SWIFT_COMPILATION_MODE = wholemodule;
				SWIFT_OPTIMIZATION_LEVEL = "-O";
				VALIDATE_PRODUCT = YES;
			};
			name = Release;
		};
		4C6E106428BF948100BDDFEB /* Debug */ = {
			isa = XCBuildConfiguration;
			buildSettings = {
				ASSETCATALOG_COMPILER_APPICON_NAME = "AppIcon Light";
				ASSETCATALOG_COMPILER_GLOBAL_ACCENT_COLOR_NAME = AccentColor;
				ASSETCATALOG_COMPILER_INCLUDE_ALL_APPICON_ASSETS = NO;
				CODE_SIGN_STYLE = Automatic;
				CURRENT_PROJECT_VERSION = 16.0;
				DEAD_CODE_STRIPPING = NO;
				DEVELOPMENT_ASSET_PATHS = "\"Calculator/Preview Content\"";
				DEVELOPMENT_TEAM = Q3P95MDH6Q;
				ENABLE_PREVIEWS = YES;
				GENERATE_INFOPLIST_FILE = YES;
				INFOPLIST_FILE = Calculator/Info.plist;
				INFOPLIST_KEY_CFBundleDisplayName = Equal;
				INFOPLIST_KEY_LSApplicationCategoryType = "public.app-category.utilities";
				INFOPLIST_KEY_UIApplicationSceneManifest_Generation = YES;
				INFOPLIST_KEY_UIApplicationSupportsIndirectInputEvents = YES;
				INFOPLIST_KEY_UILaunchScreen_Generation = YES;
				INFOPLIST_KEY_UIStatusBarHidden = YES;
				INFOPLIST_KEY_UIStatusBarStyle = "";
				INFOPLIST_KEY_UISupportedInterfaceOrientations = "UIInterfaceOrientationLandscapeLeft UIInterfaceOrientationLandscapeRight UIInterfaceOrientationPortrait";
				INFOPLIST_KEY_UISupportedInterfaceOrientations_iPad = "UIInterfaceOrientationLandscapeLeft UIInterfaceOrientationLandscapeRight UIInterfaceOrientationPortrait UIInterfaceOrientationPortraitUpsideDown";
				IPHONEOS_DEPLOYMENT_TARGET = 16.0;
				LD_RUNPATH_SEARCH_PATHS = (
					"$(inherited)",
					"@executable_path/Frameworks",
				);
				MARKETING_VERSION = 0.1.0;
				PRODUCT_BUNDLE_IDENTIFIER = "none.Magic-Calculator-MM121022";
				PRODUCT_NAME = "$(TARGET_NAME)";
				SUPPORTED_PLATFORMS = "iphoneos iphonesimulator";
				SUPPORTS_MACCATALYST = NO;
				SUPPORTS_MAC_DESIGNED_FOR_IPHONE_IPAD = NO;
				SWIFT_EMIT_LOC_STRINGS = YES;
				SWIFT_VERSION = 5.0;
				TARGETED_DEVICE_FAMILY = 1;
			};
			name = Debug;
		};
		4C6E106528BF948100BDDFEB /* Release */ = {
			isa = XCBuildConfiguration;
			buildSettings = {
				ASSETCATALOG_COMPILER_APPICON_NAME = "AppIcon Light";
				ASSETCATALOG_COMPILER_GLOBAL_ACCENT_COLOR_NAME = AccentColor;
				ASSETCATALOG_COMPILER_INCLUDE_ALL_APPICON_ASSETS = NO;
				CODE_SIGN_STYLE = Automatic;
				CURRENT_PROJECT_VERSION = 16.0;
				DEAD_CODE_STRIPPING = NO;
				DEVELOPMENT_ASSET_PATHS = "\"Calculator/Preview Content\"";
				DEVELOPMENT_TEAM = Q3P95MDH6Q;
				ENABLE_PREVIEWS = YES;
				GENERATE_INFOPLIST_FILE = YES;
				INFOPLIST_FILE = Calculator/Info.plist;
				INFOPLIST_KEY_CFBundleDisplayName = Equal;
				INFOPLIST_KEY_LSApplicationCategoryType = "public.app-category.utilities";
				INFOPLIST_KEY_UIApplicationSceneManifest_Generation = YES;
				INFOPLIST_KEY_UIApplicationSupportsIndirectInputEvents = YES;
				INFOPLIST_KEY_UILaunchScreen_Generation = YES;
				INFOPLIST_KEY_UIStatusBarHidden = YES;
				INFOPLIST_KEY_UIStatusBarStyle = "";
				INFOPLIST_KEY_UISupportedInterfaceOrientations = "UIInterfaceOrientationLandscapeLeft UIInterfaceOrientationLandscapeRight UIInterfaceOrientationPortrait";
				INFOPLIST_KEY_UISupportedInterfaceOrientations_iPad = "UIInterfaceOrientationLandscapeLeft UIInterfaceOrientationLandscapeRight UIInterfaceOrientationPortrait UIInterfaceOrientationPortraitUpsideDown";
				IPHONEOS_DEPLOYMENT_TARGET = 16.0;
				LD_RUNPATH_SEARCH_PATHS = (
					"$(inherited)",
					"@executable_path/Frameworks",
				);
				MARKETING_VERSION = 0.1.0;
				PRODUCT_BUNDLE_IDENTIFIER = "none.Magic-Calculator-MM121022";
				PRODUCT_NAME = "$(TARGET_NAME)";
				SUPPORTED_PLATFORMS = "iphoneos iphonesimulator";
				SUPPORTS_MACCATALYST = NO;
				SUPPORTS_MAC_DESIGNED_FOR_IPHONE_IPAD = NO;
				SWIFT_EMIT_LOC_STRINGS = YES;
				SWIFT_VERSION = 5.0;
				TARGETED_DEVICE_FAMILY = 1;
			};
			name = Release;
		};
		4CD08DAA28EE307F002A2FC7 /* Debug */ = {
			isa = XCBuildConfiguration;
			buildSettings = {
				CLANG_CXX_LANGUAGE_STANDARD = "gnu++20";
				CODE_SIGN_STYLE = Automatic;
				CURRENT_PROJECT_VERSION = 1;
				DEVELOPMENT_TEAM = Q3P95MDH6Q;
				GENERATE_INFOPLIST_FILE = YES;
				IPHONEOS_DEPLOYMENT_TARGET = 16.0;
				MARKETING_VERSION = 1.0;
				PRODUCT_BUNDLE_IDENTIFIER = "none.Calculator-UITests";
				PRODUCT_NAME = "$(TARGET_NAME)";
				SWIFT_EMIT_LOC_STRINGS = NO;
				SWIFT_VERSION = 5.0;
				TARGETED_DEVICE_FAMILY = "1,2";
				TEST_TARGET_NAME = Calculator;
			};
			name = Debug;
		};
		4CD08DAB28EE307F002A2FC7 /* Release */ = {
			isa = XCBuildConfiguration;
			buildSettings = {
				CLANG_CXX_LANGUAGE_STANDARD = "gnu++20";
				CODE_SIGN_STYLE = Automatic;
				CURRENT_PROJECT_VERSION = 1;
				DEVELOPMENT_TEAM = Q3P95MDH6Q;
				GENERATE_INFOPLIST_FILE = YES;
				IPHONEOS_DEPLOYMENT_TARGET = 16.0;
				MARKETING_VERSION = 1.0;
				PRODUCT_BUNDLE_IDENTIFIER = "none.Calculator-UITests";
				PRODUCT_NAME = "$(TARGET_NAME)";
				SWIFT_EMIT_LOC_STRINGS = NO;
				SWIFT_VERSION = 5.0;
				TARGETED_DEVICE_FAMILY = "1,2";
				TEST_TARGET_NAME = Calculator;
			};
			name = Release;
		};
/* End XCBuildConfiguration section */

/* Begin XCConfigurationList section */
		4C6E105028BF947F00BDDFEB /* Build configuration list for PBXProject "MagicCalculatorMM" */ = {
			isa = XCConfigurationList;
			buildConfigurations = (
				4C6E106128BF948100BDDFEB /* Debug */,
				4C6E106228BF948100BDDFEB /* Release */,
			);
			defaultConfigurationIsVisible = 0;
			defaultConfigurationName = Release;
		};
		4C6E106328BF948100BDDFEB /* Build configuration list for PBXNativeTarget "MagicCalculatorMM" */ = {
			isa = XCConfigurationList;
			buildConfigurations = (
				4C6E106428BF948100BDDFEB /* Debug */,
				4C6E106528BF948100BDDFEB /* Release */,
			);
			defaultConfigurationIsVisible = 0;
			defaultConfigurationName = Release;
		};
		4CD08DA928EE307F002A2FC7 /* Build configuration list for PBXNativeTarget "MagicCalculatorMM_UITests" */ = {
			isa = XCConfigurationList;
			buildConfigurations = (
				4CD08DAA28EE307F002A2FC7 /* Debug */,
				4CD08DAB28EE307F002A2FC7 /* Release */,
			);
			defaultConfigurationIsVisible = 0;
			defaultConfigurationName = Release;
		};
/* End XCConfigurationList section */

/* Begin XCRemoteSwiftPackageReference section */
		4C4C91F92906C0A1002F01CC /* XCRemoteSwiftPackageReference "lottie-ios" */ = {
			isa = XCRemoteSwiftPackageReference;
			repositoryURL = "https://github.com/airbnb/lottie-ios";
			requirement = {
				branch = master;
				kind = branch;
			};
		};
/* End XCRemoteSwiftPackageReference section */

/* Begin XCSwiftPackageProductDependency section */
		4C4C91FA2906C0A1002F01CC /* Lottie */ = {
			isa = XCSwiftPackageProductDependency;
			package = 4C4C91F92906C0A1002F01CC /* XCRemoteSwiftPackageReference "lottie-ios" */;
			productName = Lottie;
		};
/* End XCSwiftPackageProductDependency section */
	};
	rootObject = 4C6E104D28BF947F00BDDFEB /* Project object */;
}
